
Microsoft Visual Studio Solution File, Format Version 12.00
# Visual Studio 15
VisualStudioVersion = 15.0.28307.102
MinimumVisualStudioVersion = 10.0.40219.1
Project("{FAE04EC0-301F-11D3-BF4B-00C04F79EFBC}") = "App03_LayoutXF.Android", "App03_LayoutXF\App03_LayoutXF.Android\App03_LayoutXF.Android.csproj", "{28EEDE6A-5355-4D1F-AF7C-6B156C025A02}"
EndProject
Project("{FAE04EC0-301F-11D3-BF4B-00C04F79EFBC}") = "App03_LayoutXF.iOS", "App03_LayoutXF\App03_LayoutXF.iOS\App03_LayoutXF.iOS.csproj", "{5C968C02-3310-4AFA-9F1D-7CAF1884498F}"
EndProject
Project("{FAE04EC0-301F-11D3-BF4B-00C04F79EFBC}") = "App03_LayoutXF.UWP", "App03_LayoutXF\App03_LayoutXF.UWP\App03_LayoutXF.UWP.csproj", "{2AF43105-C4B4-4311-A19D-E27527D8C9DB}"
EndProject
Project("{FAE04EC0-301F-11D3-BF4B-00C04F79EFBC}") = "App03_LayoutXF", "App03_LayoutXF\App03_LayoutXF\App03_LayoutXF.csproj", "{9A5543D9-C200-4D82-95EA-BE24D5771EB0}"
EndProject
Global
	GlobalSection(SolutionConfigurationPlatforms) = preSolution
		Ad-Hoc|Any CPU = Ad-Hoc|Any CPU
		Ad-Hoc|ARM = Ad-Hoc|ARM
		Ad-Hoc|iPhone = Ad-Hoc|iPhone
		Ad-Hoc|iPhoneSimulator = Ad-Hoc|iPhoneSimulator
		Ad-Hoc|x64 = Ad-Hoc|x64
		Ad-Hoc|x86 = Ad-Hoc|x86
		AppStore|Any CPU = AppStore|Any CPU
		AppStore|ARM = AppStore|ARM
		AppStore|iPhone = AppStore|iPhone
		AppStore|iPhoneSimulator = AppStore|iPhoneSimulator
		AppStore|x64 = AppStore|x64
		AppStore|x86 = AppStore|x86
		Debug|Any CPU = Debug|Any CPU
		Debug|ARM = Debug|ARM
		Debug|iPhone = Debug|iPhone
		Debug|iPhoneSimulator = Debug|iPhoneSimulator
		Debug|x64 = Debug|x64
		Debug|x86 = Debug|x86
		Release|Any CPU = Release|Any CPU
		Release|ARM = Release|ARM
		Release|iPhone = Release|iPhone
		Release|iPhoneSimulator = Release|iPhoneSimulator
		Release|x64 = Release|x64
		Release|x86 = Release|x86
	EndGlobalSection
	GlobalSection(ProjectConfigurationPlatforms) = postSolution
		{28EEDE6A-5355-4D1F-AF7C-6B156C025A02}.Ad-Hoc|Any CPU.ActiveCfg = Release|Any CPU
		{28EEDE6A-5355-4D1F-AF7C-6B156C025A02}.Ad-Hoc|Any CPU.Build.0 = Release|Any CPU
		{28EEDE6A-5355-4D1F-AF7C-6B156C025A02}.Ad-Hoc|Any CPU.Deploy.0 = Release|Any CPU
		{28EEDE6A-5355-4D1F-AF7C-6B156C025A02}.Ad-Hoc|ARM.ActiveCfg = Release|Any CPU
		{28EEDE6A-5355-4D1F-AF7C-6B156C025A02}.Ad-Hoc|ARM.Build.0 = Release|Any CPU
		{28EEDE6A-5355-4D1F-AF7C-6B156C025A02}.Ad-Hoc|ARM.Deploy.0 = Release|Any CPU
		{28EEDE6A-5355-4D1F-AF7C-6B156C025A02}.Ad-Hoc|iPhone.ActiveCfg = Release|Any CPU
		{28EEDE6A-5355-4D1F-AF7C-6B156C025A02}.Ad-Hoc|iPhone.Build.0 = Release|Any CPU
		{28EEDE6A-5355-4D1F-AF7C-6B156C025A02}.Ad-Hoc|iPhone.Deploy.0 = Release|Any CPU
		{28EEDE6A-5355-4D1F-AF7C-6B156C025A02}.Ad-Hoc|iPhoneSimulator.ActiveCfg = Release|Any CPU
		{28EEDE6A-5355-4D1F-AF7C-6B156C025A02}.Ad-Hoc|iPhoneSimulator.Build.0 = Release|Any CPU
		{28EEDE6A-5355-4D1F-AF7C-6B156C025A02}.Ad-Hoc|iPhoneSimulator.Deploy.0 = Release|Any CPU
		{28EEDE6A-5355-4D1F-AF7C-6B156C025A02}.Ad-Hoc|x64.ActiveCfg = Release|Any CPU
		{28EEDE6A-5355-4D1F-AF7C-6B156C025A02}.Ad-Hoc|x64.Build.0 = Release|Any CPU
		{28EEDE6A-5355-4D1F-AF7C-6B156C025A02}.Ad-Hoc|x64.Deploy.0 = Release|Any CPU
		{28EEDE6A-5355-4D1F-AF7C-6B156C025A02}.Ad-Hoc|x86.ActiveCfg = Release|Any CPU
		{28EEDE6A-5355-4D1F-AF7C-6B156C025A02}.Ad-Hoc|x86.Build.0 = Release|Any CPU
		{28EEDE6A-5355-4D1F-AF7C-6B156C025A02}.Ad-Hoc|x86.Deploy.0 = Release|Any CPU
		{28EEDE6A-5355-4D1F-AF7C-6B156C025A02}.AppStore|Any CPU.ActiveCfg = Release|Any CPU
		{28EEDE6A-5355-4D1F-AF7C-6B156C025A02}.AppStore|Any CPU.Build.0 = Release|Any CPU
		{28EEDE6A-5355-4D1F-AF7C-6B156C025A02}.AppStore|Any CPU.Deploy.0 = Release|Any CPU
		{28EEDE6A-5355-4D1F-AF7C-6B156C025A02}.AppStore|ARM.ActiveCfg = Release|Any CPU
		{28EEDE6A-5355-4D1F-AF7C-6B156C025A02}.AppStore|ARM.Build.0 = Release|Any CPU
		{28EEDE6A-5355-4D1F-AF7C-6B156C025A02}.AppStore|ARM.Deploy.0 = Release|Any CPU
		{28EEDE6A-5355-4D1F-AF7C-6B156C025A02}.AppStore|iPhone.ActiveCfg = Release|Any CPU
		{28EEDE6A-5355-4D1F-AF7C-6B156C025A02}.AppStore|iPhone.Build.0 = Release|Any CPU
		{28EEDE6A-5355-4D1F-AF7C-6B156C025A02}.AppStore|iPhone.Deploy.0 = Release|Any CPU
		{28EEDE6A-5355-4D1F-AF7C-6B156C025A02}.AppStore|iPhoneSimulator.ActiveCfg = Release|Any CPU
		{28EEDE6A-5355-4D1F-AF7C-6B156C025A02}.AppStore|iPhoneSimulator.Build.0 = Release|Any CPU
		{28EEDE6A-5355-4D1F-AF7C-6B156C025A02}.AppStore|iPhoneSimulator.Deploy.0 = Release|Any CPU
		{28EEDE6A-5355-4D1F-AF7C-6B156C025A02}.AppStore|x64.ActiveCfg = Release|Any CPU
		{28EEDE6A-5355-4D1F-AF7C-6B156C025A02}.AppStore|x64.Build.0 = Release|Any CPU
		{28EEDE6A-5355-4D1F-AF7C-6B156C025A02}.AppStore|x64.Deploy.0 = Release|Any CPU
		{28EEDE6A-5355-4D1F-AF7C-6B156C025A02}.AppStore|x86.ActiveCfg = Release|Any CPU
		{28EEDE6A-5355-4D1F-AF7C-6B156C025A02}.AppStore|x86.Build.0 = Release|Any CPU
		{28EEDE6A-5355-4D1F-AF7C-6B156C025A02}.AppStore|x86.Deploy.0 = Release|Any CPU
		{28EEDE6A-5355-4D1F-AF7C-6B156C025A02}.Debug|Any CPU.ActiveCfg = Debug|Any CPU
		{28EEDE6A-5355-4D1F-AF7C-6B156C025A02}.Debug|Any CPU.Build.0 = Debug|Any CPU
		{28EEDE6A-5355-4D1F-AF7C-6B156C025A02}.Debug|Any CPU.Deploy.0 = Debug|Any CPU
		{28EEDE6A-5355-4D1F-AF7C-6B156C025A02}.Debug|ARM.ActiveCfg = Debug|Any CPU
		{28EEDE6A-5355-4D1F-AF7C-6B156C025A02}.Debug|ARM.Build.0 = Debug|Any CPU
		{28EEDE6A-5355-4D1F-AF7C-6B156C025A02}.Debug|ARM.Deploy.0 = Debug|Any CPU
		{28EEDE6A-5355-4D1F-AF7C-6B156C025A02}.Debug|iPhone.ActiveCfg = Debug|Any CPU
		{28EEDE6A-5355-4D1F-AF7C-6B156C025A02}.Debug|iPhone.Build.0 = Debug|Any CPU
		{28EEDE6A-5355-4D1F-AF7C-6B156C025A02}.Debug|iPhone.Deploy.0 = Debug|Any CPU
		{28EEDE6A-5355-4D1F-AF7C-6B156C025A02}.Debug|iPhoneSimulator.ActiveCfg = Debug|Any CPU
		{28EEDE6A-5355-4D1F-AF7C-6B156C025A02}.Debug|iPhoneSimulator.Build.0 = Debug|Any CPU
		{28EEDE6A-5355-4D1F-AF7C-6B156C025A02}.Debug|iPhoneSimulator.Deploy.0 = Debug|Any CPU
		{28EEDE6A-5355-4D1F-AF7C-6B156C025A02}.Debug|x64.ActiveCfg = Debug|Any CPU
		{28EEDE6A-5355-4D1F-AF7C-6B156C025A02}.Debug|x64.Build.0 = Debug|Any CPU
		{28EEDE6A-5355-4D1F-AF7C-6B156C025A02}.Debug|x64.Deploy.0 = Debug|Any CPU
		{28EEDE6A-5355-4D1F-AF7C-6B156C025A02}.Debug|x86.ActiveCfg = Debug|Any CPU
		{28EEDE6A-5355-4D1F-AF7C-6B156C025A02}.Debug|x86.Build.0 = Debug|Any CPU
		{28EEDE6A-5355-4D1F-AF7C-6B156C025A02}.Debug|x86.Deploy.0 = Debug|Any CPU
		{28EEDE6A-5355-4D1F-AF7C-6B156C025A02}.Release|Any CPU.ActiveCfg = Release|Any CPU
		{28EEDE6A-5355-4D1F-AF7C-6B156C025A02}.Release|Any CPU.Build.0 = Release|Any CPU
		{28EEDE6A-5355-4D1F-AF7C-6B156C025A02}.Release|Any CPU.Deploy.0 = Release|Any CPU
		{28EEDE6A-5355-4D1F-AF7C-6B156C025A02}.Release|ARM.ActiveCfg = Release|Any CPU
		{28EEDE6A-5355-4D1F-AF7C-6B156C025A02}.Release|ARM.Build.0 = Release|Any CPU
		{28EEDE6A-5355-4D1F-AF7C-6B156C025A02}.Release|ARM.Deploy.0 = Release|Any CPU
		{28EEDE6A-5355-4D1F-AF7C-6B156C025A02}.Release|iPhone.ActiveCfg = Release|Any CPU
		{28EEDE6A-5355-4D1F-AF7C-6B156C025A02}.Release|iPhone.Build.0 = Release|Any CPU
		{28EEDE6A-5355-4D1F-AF7C-6B156C025A02}.Release|iPhone.Deploy.0 = Release|Any CPU
		{28EEDE6A-5355-4D1F-AF7C-6B156C025A02}.Release|iPhoneSimulator.ActiveCfg = Release|Any CPU
		{28EEDE6A-5355-4D1F-AF7C-6B156C025A02}.Release|iPhoneSimulator.Build.0 = Release|Any CPU
		{28EEDE6A-5355-4D1F-AF7C-6B156C025A02}.Release|iPhoneSimulator.Deploy.0 = Release|Any CPU
		{28EEDE6A-5355-4D1F-AF7C-6B156C025A02}.Release|x64.ActiveCfg = Release|Any CPU
		{28EEDE6A-5355-4D1F-AF7C-6B156C025A02}.Release|x64.Build.0 = Release|Any CPU
		{28EEDE6A-5355-4D1F-AF7C-6B156C025A02}.Release|x64.Deploy.0 = Release|Any CPU
		{28EEDE6A-5355-4D1F-AF7C-6B156C025A02}.Release|x86.ActiveCfg = Release|Any CPU
		{28EEDE6A-5355-4D1F-AF7C-6B156C025A02}.Release|x86.Build.0 = Release|Any CPU
		{28EEDE6A-5355-4D1F-AF7C-6B156C025A02}.Release|x86.Deploy.0 = Release|Any CPU
		{5C968C02-3310-4AFA-9F1D-7CAF1884498F}.Ad-Hoc|Any CPU.ActiveCfg = Ad-Hoc|iPhone
		{5C968C02-3310-4AFA-9F1D-7CAF1884498F}.Ad-Hoc|Any CPU.Build.0 = Ad-Hoc|iPhone
		{5C968C02-3310-4AFA-9F1D-7CAF1884498F}.Ad-Hoc|Any CPU.Deploy.0 = Ad-Hoc|iPhone
		{5C968C02-3310-4AFA-9F1D-7CAF1884498F}.Ad-Hoc|ARM.ActiveCfg = Ad-Hoc|iPhone
		{5C968C02-3310-4AFA-9F1D-7CAF1884498F}.Ad-Hoc|ARM.Build.0 = Ad-Hoc|iPhone
		{5C968C02-3310-4AFA-9F1D-7CAF1884498F}.Ad-Hoc|ARM.Deploy.0 = Ad-Hoc|iPhone
		{5C968C02-3310-4AFA-9F1D-7CAF1884498F}.Ad-Hoc|iPhone.ActiveCfg = Ad-Hoc|iPhone
		{5C968C02-3310-4AFA-9F1D-7CAF1884498F}.Ad-Hoc|iPhone.Build.0 = Ad-Hoc|iPhone
		{5C968C02-3310-4AFA-9F1D-7CAF1884498F}.Ad-Hoc|iPhone.Deploy.0 = Ad-Hoc|iPhone
		{5C968C02-3310-4AFA-9F1D-7CAF1884498F}.Ad-Hoc|iPhoneSimulator.ActiveCfg = Ad-Hoc|iPhoneSimulator
		{5C968C02-3310-4AFA-9F1D-7CAF1884498F}.Ad-Hoc|iPhoneSimulator.Build.0 = Ad-Hoc|iPhoneSimulator
		{5C968C02-3310-4AFA-9F1D-7CAF1884498F}.Ad-Hoc|iPhoneSimulator.Deploy.0 = Ad-Hoc|iPhoneSimulator
		{5C968C02-3310-4AFA-9F1D-7CAF1884498F}.Ad-Hoc|x64.ActiveCfg = Ad-Hoc|iPhone
		{5C968C02-3310-4AFA-9F1D-7CAF1884498F}.Ad-Hoc|x64.Build.0 = Ad-Hoc|iPhone
		{5C968C02-3310-4AFA-9F1D-7CAF1884498F}.Ad-Hoc|x64.Deploy.0 = Ad-Hoc|iPhone
		{5C968C02-3310-4AFA-9F1D-7CAF1884498F}.Ad-Hoc|x86.ActiveCfg = Ad-Hoc|iPhone
		{5C968C02-3310-4AFA-9F1D-7CAF1884498F}.Ad-Hoc|x86.Build.0 = Ad-Hoc|iPhone
		{5C968C02-3310-4AFA-9F1D-7CAF1884498F}.Ad-Hoc|x86.Deploy.0 = Ad-Hoc|iPhone
		{5C968C02-3310-4AFA-9F1D-7CAF1884498F}.AppStore|Any CPU.ActiveCfg = AppStore|iPhone
		{5C968C02-3310-4AFA-9F1D-7CAF1884498F}.AppStore|Any CPU.Build.0 = AppStore|iPhone
		{5C968C02-3310-4AFA-9F1D-7CAF1884498F}.AppStore|Any CPU.Deploy.0 = AppStore|iPhone
		{5C968C02-3310-4AFA-9F1D-7CAF1884498F}.AppStore|ARM.ActiveCfg = AppStore|iPhone
		{5C968C02-3310-4AFA-9F1D-7CAF1884498F}.AppStore|ARM.Build.0 = AppStore|iPhone
		{5C968C02-3310-4AFA-9F1D-7CAF1884498F}.AppStore|ARM.Deploy.0 = AppStore|iPhone
		{5C968C02-3310-4AFA-9F1D-7CAF1884498F}.AppStore|iPhone.ActiveCfg = AppStore|iPhone
		{5C968C02-3310-4AFA-9F1D-7CAF1884498F}.AppStore|iPhone.Build.0 = AppStore|iPhone
		{5C968C02-3310-4AFA-9F1D-7CAF1884498F}.AppStore|iPhone.Deploy.0 = AppStore|iPhone
		{5C968C02-3310-4AFA-9F1D-7CAF1884498F}.AppStore|iPhoneSimulator.ActiveCfg = AppStore|iPhoneSimulator
		{5C968C02-3310-4AFA-9F1D-7CAF1884498F}.AppStore|iPhoneSimulator.Build.0 = AppStore|iPhoneSimulator
		{5C968C02-3310-4AFA-9F1D-7CAF1884498F}.AppStore|iPhoneSimulator.Deploy.0 = AppStore|iPhoneSimulator
		{5C968C02-3310-4AFA-9F1D-7CAF1884498F}.AppStore|x64.ActiveCfg = AppStore|iPhone
		{5C968C02-3310-4AFA-9F1D-7CAF1884498F}.AppStore|x64.Build.0 = AppStore|iPhone
		{5C968C02-3310-4AFA-9F1D-7CAF1884498F}.AppStore|x64.Deploy.0 = AppStore|iPhone
		{5C968C02-3310-4AFA-9F1D-7CAF1884498F}.AppStore|x86.ActiveCfg = AppStore|iPhone
		{5C968C02-3310-4AFA-9F1D-7CAF1884498F}.AppStore|x86.Build.0 = AppStore|iPhone
		{5C968C02-3310-4AFA-9F1D-7CAF1884498F}.AppStore|x86.Deploy.0 = AppStore|iPhone
		{5C968C02-3310-4AFA-9F1D-7CAF1884498F}.Debug|Any CPU.ActiveCfg = Debug|iPhoneSimulator
		{5C968C02-3310-4AFA-9F1D-7CAF1884498F}.Debug|Any CPU.Build.0 = Debug|iPhoneSimulator
		{5C968C02-3310-4AFA-9F1D-7CAF1884498F}.Debug|Any CPU.Deploy.0 = Debug|iPhoneSimulator
		{5C968C02-3310-4AFA-9F1D-7CAF1884498F}.Debug|ARM.ActiveCfg = Debug|iPhone
		{5C968C02-3310-4AFA-9F1D-7CAF1884498F}.Debug|ARM.Build.0 = Debug|iPhone
		{5C968C02-3310-4AFA-9F1D-7CAF1884498F}.Debug|ARM.Deploy.0 = Debug|iPhone
		{5C968C02-3310-4AFA-9F1D-7CAF1884498F}.Debug|iPhone.ActiveCfg = Debug|iPhone
		{5C968C02-3310-4AFA-9F1D-7CAF1884498F}.Debug|iPhone.Build.0 = Debug|iPhone
		{5C968C02-3310-4AFA-9F1D-7CAF1884498F}.Debug|iPhone.Deploy.0 = Debug|iPhone
		{5C968C02-3310-4AFA-9F1D-7CAF1884498F}.Debug|iPhoneSimulator.ActiveCfg = Debug|iPhoneSimulator
		{5C968C02-3310-4AFA-9F1D-7CAF1884498F}.Debug|iPhoneSimulator.Build.0 = Debug|iPhoneSimulator
		{5C968C02-3310-4AFA-9F1D-7CAF1884498F}.Debug|iPhoneSimulator.Deploy.0 = Debug|iPhoneSimulator
		{5C968C02-3310-4AFA-9F1D-7CAF1884498F}.Debug|x64.ActiveCfg = Debug|iPhone
		{5C968C02-3310-4AFA-9F1D-7CAF1884498F}.Debug|x64.Build.0 = Debug|iPhone
		{5C968C02-3310-4AFA-9F1D-7CAF1884498F}.Debug|x64.Deploy.0 = Debug|iPhone
		{5C968C02-3310-4AFA-9F1D-7CAF1884498F}.Debug|x86.ActiveCfg = Debug|iPhone
		{5C968C02-3310-4AFA-9F1D-7CAF1884498F}.Debug|x86.Build.0 = Debug|iPhone
		{5C968C02-3310-4AFA-9F1D-7CAF1884498F}.Debug|x86.Deploy.0 = Debug|iPhone
		{5C968C02-3310-4AFA-9F1D-7CAF1884498F}.Release|Any CPU.ActiveCfg = Release|iPhone
		{5C968C02-3310-4AFA-9F1D-7CAF1884498F}.Release|Any CPU.Build.0 = Release|iPhone
		{5C968C02-3310-4AFA-9F1D-7CAF1884498F}.Release|Any CPU.Deploy.0 = Release|iPhone
		{5C968C02-3310-4AFA-9F1D-7CAF1884498F}.Release|ARM.ActiveCfg = Release|iPhone
		{5C968C02-3310-4AFA-9F1D-7CAF1884498F}.Release|ARM.Build.0 = Release|iPhone
		{5C968C02-3310-4AFA-9F1D-7CAF1884498F}.Release|ARM.Deploy.0 = Release|iPhone
		{5C968C02-3310-4AFA-9F1D-7CAF1884498F}.Release|iPhone.ActiveCfg = Release|iPhone
		{5C968C02-3310-4AFA-9F1D-7CAF1884498F}.Release|iPhone.Build.0 = Release|iPhone
		{5C968C02-3310-4AFA-9F1D-7CAF1884498F}.Release|iPhone.Deploy.0 = Release|iPhone
		{5C968C02-3310-4AFA-9F1D-7CAF1884498F}.Release|iPhoneSimulator.ActiveCfg = Release|iPhoneSimulator
		{5C968C02-3310-4AFA-9F1D-7CAF1884498F}.Release|iPhoneSimulator.Build.0 = Release|iPhoneSimulator
		{5C968C02-3310-4AFA-9F1D-7CAF1884498F}.Release|iPhoneSimulator.Deploy.0 = Release|iPhoneSimulator
		{5C968C02-3310-4AFA-9F1D-7CAF1884498F}.Release|x64.ActiveCfg = Release|iPhone
		{5C968C02-3310-4AFA-9F1D-7CAF1884498F}.Release|x64.Build.0 = Release|iPhone
		{5C968C02-3310-4AFA-9F1D-7CAF1884498F}.Release|x64.Deploy.0 = Release|iPhone
		{5C968C02-3310-4AFA-9F1D-7CAF1884498F}.Release|x86.ActiveCfg = Release|iPhone
		{5C968C02-3310-4AFA-9F1D-7CAF1884498F}.Release|x86.Build.0 = Release|iPhone
		{5C968C02-3310-4AFA-9F1D-7CAF1884498F}.Release|x86.Deploy.0 = Release|iPhone
		{2AF43105-C4B4-4311-A19D-E27527D8C9DB}.Ad-Hoc|Any CPU.ActiveCfg = Release|x86
		{2AF43105-C4B4-4311-A19D-E27527D8C9DB}.Ad-Hoc|Any CPU.Build.0 = Release|x86
		{2AF43105-C4B4-4311-A19D-E27527D8C9DB}.Ad-Hoc|Any CPU.Deploy.0 = Release|x86
		{2AF43105-C4B4-4311-A19D-E27527D8C9DB}.Ad-Hoc|ARM.ActiveCfg = Release|ARM
		{2AF43105-C4B4-4311-A19D-E27527D8C9DB}.Ad-Hoc|ARM.Build.0 = Release|ARM
		{2AF43105-C4B4-4311-A19D-E27527D8C9DB}.Ad-Hoc|ARM.Deploy.0 = Release|ARM
		{2AF43105-C4B4-4311-A19D-E27527D8C9DB}.Ad-Hoc|iPhone.ActiveCfg = Release|x86
		{2AF43105-C4B4-4311-A19D-E27527D8C9DB}.Ad-Hoc|iPhone.Build.0 = Release|x86
		{2AF43105-C4B4-4311-A19D-E27527D8C9DB}.Ad-Hoc|iPhone.Deploy.0 = Release|x86
		{2AF43105-C4B4-4311-A19D-E27527D8C9DB}.Ad-Hoc|iPhoneSimulator.ActiveCfg = Release|x86
		{2AF43105-C4B4-4311-A19D-E27527D8C9DB}.Ad-Hoc|iPhoneSimulator.Build.0 = Release|x86
		{2AF43105-C4B4-4311-A19D-E27527D8C9DB}.Ad-Hoc|iPhoneSimulator.Deploy.0 = Release|x86
		{2AF43105-C4B4-4311-A19D-E27527D8C9DB}.Ad-Hoc|x64.ActiveCfg = Release|x64
		{2AF43105-C4B4-4311-A19D-E27527D8C9DB}.Ad-Hoc|x64.Build.0 = Release|x64
		{2AF43105-C4B4-4311-A19D-E27527D8C9DB}.Ad-Hoc|x64.Deploy.0 = Release|x64
		{2AF43105-C4B4-4311-A19D-E27527D8C9DB}.Ad-Hoc|x86.ActiveCfg = Release|x86
		{2AF43105-C4B4-4311-A19D-E27527D8C9DB}.Ad-Hoc|x86.Build.0 = Release|x86
		{2AF43105-C4B4-4311-A19D-E27527D8C9DB}.Ad-Hoc|x86.Deploy.0 = Release|x86
		{2AF43105-C4B4-4311-A19D-E27527D8C9DB}.AppStore|Any CPU.ActiveCfg = Release|x86
		{2AF43105-C4B4-4311-A19D-E27527D8C9DB}.AppStore|Any CPU.Build.0 = Release|x86
		{2AF43105-C4B4-4311-A19D-E27527D8C9DB}.AppStore|Any CPU.Deploy.0 = Release|x86
		{2AF43105-C4B4-4311-A19D-E27527D8C9DB}.AppStore|ARM.ActiveCfg = Release|ARM
		{2AF43105-C4B4-4311-A19D-E27527D8C9DB}.AppStore|ARM.Build.0 = Release|ARM
		{2AF43105-C4B4-4311-A19D-E27527D8C9DB}.AppStore|ARM.Deploy.0 = Release|ARM
		{2AF43105-C4B4-4311-A19D-E27527D8C9DB}.AppStore|iPhone.ActiveCfg = Release|x86
		{2AF43105-C4B4-4311-A19D-E27527D8C9DB}.AppStore|iPhone.Build.0 = Release|x86
		{2AF43105-C4B4-4311-A19D-E27527D8C9DB}.AppStore|iPhone.Deploy.0 = Release|x86
		{2AF43105-C4B4-4311-A19D-E27527D8C9DB}.AppStore|iPhoneSimulator.ActiveCfg = Release|x86
		{2AF43105-C4B4-4311-A19D-E27527D8C9DB}.AppStore|iPhoneSimulator.Build.0 = Release|x86
		{2AF43105-C4B4-4311-A19D-E27527D8C9DB}.AppStore|iPhoneSimulator.Deploy.0 = Release|x86
		{2AF43105-C4B4-4311-A19D-E27527D8C9DB}.AppStore|x64.ActiveCfg = Release|x64
		{2AF43105-C4B4-4311-A19D-E27527D8C9DB}.AppStore|x64.Build.0 = Release|x64
		{2AF43105-C4B4-4311-A19D-E27527D8C9DB}.AppStore|x64.Deploy.0 = Release|x64
		{2AF43105-C4B4-4311-A19D-E27527D8C9DB}.AppStore|x86.ActiveCfg = Release|x86
		{2AF43105-C4B4-4311-A19D-E27527D8C9DB}.AppStore|x86.Build.0 = Release|x86
		{2AF43105-C4B4-4311-A19D-E27527D8C9DB}.AppStore|x86.Deploy.0 = Release|x86
		{2AF43105-C4B4-4311-A19D-E27527D8C9DB}.Debug|Any CPU.ActiveCfg = Debug|x86
		{2AF43105-C4B4-4311-A19D-E27527D8C9DB}.Debug|Any CPU.Build.0 = Debug|x86
		{2AF43105-C4B4-4311-A19D-E27527D8C9DB}.Debug|Any CPU.Deploy.0 = Debug|x86
		{2AF43105-C4B4-4311-A19D-E27527D8C9DB}.Debug|ARM.ActiveCfg = Debug|ARM
		{2AF43105-C4B4-4311-A19D-E27527D8C9DB}.Debug|ARM.Build.0 = Debug|ARM
		{2AF43105-C4B4-4311-A19D-E27527D8C9DB}.Debug|ARM.Deploy.0 = Debug|ARM
		{2AF43105-C4B4-4311-A19D-E27527D8C9DB}.Debug|iPhone.ActiveCfg = Debug|x86
		{2AF43105-C4B4-4311-A19D-E27527D8C9DB}.Debug|iPhone.Build.0 = Debug|x86
		{2AF43105-C4B4-4311-A19D-E27527D8C9DB}.Debug|iPhone.Deploy.0 = Debug|x86
		{2AF43105-C4B4-4311-A19D-E27527D8C9DB}.Debug|iPhoneSimulator.ActiveCfg = Debug|x86
		{2AF43105-C4B4-4311-A19D-E27527D8C9DB}.Debug|iPhoneSimulator.Build.0 = Debug|x86
		{2AF43105-C4B4-4311-A19D-E27527D8C9DB}.Debug|iPhoneSimulator.Deploy.0 = Debug|x86
		{2AF43105-C4B4-4311-A19D-E27527D8C9DB}.Debug|x64.ActiveCfg = Debug|x64
		{2AF43105-C4B4-4311-A19D-E27527D8C9DB}.Debug|x64.Build.0 = Debug|x64
		{2AF43105-C4B4-4311-A19D-E27527D8C9DB}.Debug|x64.Deploy.0 = Debug|x64
		{2AF43105-C4B4-4311-A19D-E27527D8C9DB}.Debug|x86.ActiveCfg = Debug|x86
		{2AF43105-C4B4-4311-A19D-E27527D8C9DB}.Debug|x86.Build.0 = Debug|x86
		{2AF43105-C4B4-4311-A19D-E27527D8C9DB}.Debug|x86.Deploy.0 = Debug|x86
		{2AF43105-C4B4-4311-A19D-E27527D8C9DB}.Release|Any CPU.ActiveCfg = Release|x86
		{2AF43105-C4B4-4311-A19D-E27527D8C9DB}.Release|Any CPU.Build.0 = Release|x86
		{2AF43105-C4B4-4311-A19D-E27527D8C9DB}.Release|Any CPU.Deploy.0 = Release|x86
		{2AF43105-C4B4-4311-A19D-E27527D8C9DB}.Release|ARM.ActiveCfg = Release|ARM
		{2AF43105-C4B4-4311-A19D-E27527D8C9DB}.Release|ARM.Build.0 = Release|ARM
		{2AF43105-C4B4-4311-A19D-E27527D8C9DB}.Release|ARM.Deploy.0 = Release|ARM
		{2AF43105-C4B4-4311-A19D-E27527D8C9DB}.Release|iPhone.ActiveCfg = Release|x86
		{2AF43105-C4B4-4311-A19D-E27527D8C9DB}.Release|iPhone.Build.0 = Release|x86
		{2AF43105-C4B4-4311-A19D-E27527D8C9DB}.Release|iPhone.Deploy.0 = Release|x86
		{2AF43105-C4B4-4311-A19D-E27527D8C9DB}.Release|iPhoneSimulator.ActiveCfg = Release|x86
		{2AF43105-C4B4-4311-A19D-E27527D8C9DB}.Release|iPhoneSimulator.Build.0 = Release|x86
		{2AF43105-C4B4-4311-A19D-E27527D8C9DB}.Release|iPhoneSimulator.Deploy.0 = Release|x86
		{2AF43105-C4B4-4311-A19D-E27527D8C9DB}.Release|x64.ActiveCfg = Release|x64
		{2AF43105-C4B4-4311-A19D-E27527D8C9DB}.Release|x64.Build.0 = Release|x64
		{2AF43105-C4B4-4311-A19D-E27527D8C9DB}.Release|x64.Deploy.0 = Release|x64
		{2AF43105-C4B4-4311-A19D-E27527D8C9DB}.Release|x86.ActiveCfg = Release|x86
		{2AF43105-C4B4-4311-A19D-E27527D8C9DB}.Release|x86.Build.0 = Release|x86
		{2AF43105-C4B4-4311-A19D-E27527D8C9DB}.Release|x86.Deploy.0 = Release|x86
		{9A5543D9-C200-4D82-95EA-BE24D5771EB0}.Ad-Hoc|Any CPU.ActiveCfg = Debug|Any CPU
		{9A5543D9-C200-4D82-95EA-BE24D5771EB0}.Ad-Hoc|Any CPU.Build.0 = Debug|Any CPU
		{9A5543D9-C200-4D82-95EA-BE24D5771EB0}.Ad-Hoc|Any CPU.Deploy.0 = Debug|Any CPU
		{9A5543D9-C200-4D82-95EA-BE24D5771EB0}.Ad-Hoc|ARM.ActiveCfg = Debug|Any CPU
		{9A5543D9-C200-4D82-95EA-BE24D5771EB0}.Ad-Hoc|ARM.Build.0 = Debug|Any CPU
		{9A5543D9-C200-4D82-95EA-BE24D5771EB0}.Ad-Hoc|ARM.Deploy.0 = Debug|Any CPU
		{9A5543D9-C200-4D82-95EA-BE24D5771EB0}.Ad-Hoc|iPhone.ActiveCfg = Debug|Any CPU
		{9A5543D9-C200-4D82-95EA-BE24D5771EB0}.Ad-Hoc|iPhone.Build.0 = Debug|Any CPU
		{9A5543D9-C200-4D82-95EA-BE24D5771EB0}.Ad-Hoc|iPhone.Deploy.0 = Debug|Any CPU
		{9A5543D9-C200-4D82-95EA-BE24D5771EB0}.Ad-Hoc|iPhoneSimulator.ActiveCfg = Debug|Any CPU
		{9A5543D9-C200-4D82-95EA-BE24D5771EB0}.Ad-Hoc|iPhoneSimulator.Build.0 = Debug|Any CPU
		{9A5543D9-C200-4D82-95EA-BE24D5771EB0}.Ad-Hoc|iPhoneSimulator.Deploy.0 = Debug|Any CPU
		{9A5543D9-C200-4D82-95EA-BE24D5771EB0}.Ad-Hoc|x64.ActiveCfg = Debug|Any CPU
		{9A5543D9-C200-4D82-95EA-BE24D5771EB0}.Ad-Hoc|x64.Build.0 = Debug|Any CPU
		{9A5543D9-C200-4D82-95EA-BE24D5771EB0}.Ad-Hoc|x64.Deploy.0 = Debug|Any CPU
		{9A5543D9-C200-4D82-95EA-BE24D5771EB0}.Ad-Hoc|x86.ActiveCfg = Debug|Any CPU
		{9A5543D9-C200-4D82-95EA-BE24D5771EB0}.Ad-Hoc|x86.Build.0 = Debug|Any CPU
		{9A5543D9-C200-4D82-95EA-BE24D5771EB0}.Ad-Hoc|x86.Deploy.0 = Debug|Any CPU
		{9A5543D9-C200-4D82-95EA-BE24D5771EB0}.AppStore|Any CPU.ActiveCfg = Debug|Any CPU
		{9A5543D9-C200-4D82-95EA-BE24D5771EB0}.AppStore|Any CPU.Build.0 = Debug|Any CPU
		{9A5543D9-C200-4D82-95EA-BE24D5771EB0}.AppStore|Any CPU.Deploy.0 = Debug|Any CPU
		{9A5543D9-C200-4D82-95EA-BE24D5771EB0}.AppStore|ARM.ActiveCfg = Debug|Any CPU
		{9A5543D9-C200-4D82-95EA-BE24D5771EB0}.AppStore|ARM.Build.0 = Debug|Any CPU
		{9A5543D9-C200-4D82-95EA-BE24D5771EB0}.AppStore|ARM.Deploy.0 = Debug|Any CPU
		{9A5543D9-C200-4D82-95EA-BE24D5771EB0}.AppStore|iPhone.ActiveCfg = Debug|Any CPU
		{9A5543D9-C200-4D82-95EA-BE24D5771EB0}.AppStore|iPhone.Build.0 = Debug|Any CPU
		{9A5543D9-C200-4D82-95EA-BE24D5771EB0}.AppStore|iPhone.Deploy.0 = Debug|Any CPU
		{9A5543D9-C200-4D82-95EA-BE24D5771EB0}.AppStore|iPhoneSimulator.ActiveCfg = Debug|Any CPU
		{9A5543D9-C200-4D82-95EA-BE24D5771EB0}.AppStore|iPhoneSimulator.Build.0 = Debug|Any CPU
		{9A5543D9-C200-4D82-95EA-BE24D5771EB0}.AppStore|iPhoneSimulator.Deploy.0 = Debug|Any CPU
		{9A5543D9-C200-4D82-95EA-BE24D5771EB0}.AppStore|x64.ActiveCfg = Debug|Any CPU
		{9A5543D9-C200-4D82-95EA-BE24D5771EB0}.AppStore|x64.Build.0 = Debug|Any CPU
		{9A5543D9-C200-4D82-95EA-BE24D5771EB0}.AppStore|x64.Deploy.0 = Debug|Any CPU
		{9A5543D9-C200-4D82-95EA-BE24D5771EB0}.AppStore|x86.ActiveCfg = Debug|Any CPU
		{9A5543D9-C200-4D82-95EA-BE24D5771EB0}.AppStore|x86.Build.0 = Debug|Any CPU
		{9A5543D9-C200-4D82-95EA-BE24D5771EB0}.AppStore|x86.Deploy.0 = Debug|Any CPU
		{9A5543D9-C200-4D82-95EA-BE24D5771EB0}.Debug|Any CPU.ActiveCfg = Debug|Any CPU
		{9A5543D9-C200-4D82-95EA-BE24D5771EB0}.Debug|Any CPU.Build.0 = Debug|Any CPU
		{9A5543D9-C200-4D82-95EA-BE24D5771EB0}.Debug|Any CPU.Deploy.0 = Debug|Any CPU
		{9A5543D9-C200-4D82-95EA-BE24D5771EB0}.Debug|ARM.ActiveCfg = Debug|Any CPU
		{9A5543D9-C200-4D82-95EA-BE24D5771EB0}.Debug|ARM.Build.0 = Debug|Any CPU
		{9A5543D9-C200-4D82-95EA-BE24D5771EB0}.Debug|ARM.Deploy.0 = Debug|Any CPU
		{9A5543D9-C200-4D82-95EA-BE24D5771EB0}.Debug|iPhone.ActiveCfg = Debug|Any CPU
		{9A5543D9-C200-4D82-95EA-BE24D5771EB0}.Debug|iPhone.Build.0 = Debug|Any CPU
		{9A5543D9-C200-4D82-95EA-BE24D5771EB0}.Debug|iPhone.Deploy.0 = Debug|Any CPU
		{9A5543D9-C200-4D82-95EA-BE24D5771EB0}.Debug|iPhoneSimulator.ActiveCfg = Debug|Any CPU
		{9A5543D9-C200-4D82-95EA-BE24D5771EB0}.Debug|iPhoneSimulator.Build.0 = Debug|Any CPU
		{9A5543D9-C200-4D82-95EA-BE24D5771EB0}.Debug|iPhoneSimulator.Deploy.0 = Debug|Any CPU
		{9A5543D9-C200-4D82-95EA-BE24D5771EB0}.Debug|x64.ActiveCfg = Debug|Any CPU
		{9A5543D9-C200-4D82-95EA-BE24D5771EB0}.Debug|x64.Build.0 = Debug|Any CPU
		{9A5543D9-C200-4D82-95EA-BE24D5771EB0}.Debug|x64.Deploy.0 = Debug|Any CPU
		{9A5543D9-C200-4D82-95EA-BE24D5771EB0}.Debug|x86.ActiveCfg = Debug|Any CPU
		{9A5543D9-C200-4D82-95EA-BE24D5771EB0}.Debug|x86.Build.0 = Debug|Any CPU
		{9A5543D9-C200-4D82-95EA-BE24D5771EB0}.Debug|x86.Deploy.0 = Debug|Any CPU
		{9A5543D9-C200-4D82-95EA-BE24D5771EB0}.Release|Any CPU.ActiveCfg = Release|Any CPU
		{9A5543D9-C200-4D82-95EA-BE24D5771EB0}.Release|Any CPU.Build.0 = Release|Any CPU
		{9A5543D9-C200-4D82-95EA-BE24D5771EB0}.Release|Any CPU.Deploy.0 = Release|Any CPU
		{9A5543D9-C200-4D82-95EA-BE24D5771EB0}.Release|ARM.ActiveCfg = Release|Any CPU
		{9A5543D9-C200-4D82-95EA-BE24D5771EB0}.Release|ARM.Build.0 = Release|Any CPU
		{9A5543D9-C200-4D82-95EA-BE24D5771EB0}.Release|ARM.Deploy.0 = Release|Any CPU
		{9A5543D9-C200-4D82-95EA-BE24D5771EB0}.Release|iPhone.ActiveCfg = Release|Any CPU
		{9A5543D9-C200-4D82-95EA-BE24D5771EB0}.Release|iPhone.Build.0 = Release|Any CPU
		{9A5543D9-C200-4D82-95EA-BE24D5771EB0}.Release|iPhone.Deploy.0 = Release|Any CPU
		{9A5543D9-C200-4D82-95EA-BE24D5771EB0}.Release|iPhoneSimulator.ActiveCfg = Release|Any CPU
		{9A5543D9-C200-4D82-95EA-BE24D5771EB0}.Release|iPhoneSimulator.Build.0 = Release|Any CPU
		{9A5543D9-C200-4D82-95EA-BE24D5771EB0}.Release|iPhoneSimulator.Deploy.0 = Release|Any CPU
		{9A5543D9-C200-4D82-95EA-BE24D5771EB0}.Release|x64.ActiveCfg = Release|Any CPU
		{9A5543D9-C200-4D82-95EA-BE24D5771EB0}.Release|x64.Build.0 = Release|Any CPU
		{9A5543D9-C200-4D82-95EA-BE24D5771EB0}.Release|x64.Deploy.0 = Release|Any CPU
		{9A5543D9-C200-4D82-95EA-BE24D5771EB0}.Release|x86.ActiveCfg = Release|Any CPU
		{9A5543D9-C200-4D82-95EA-BE24D5771EB0}.Release|x86.Build.0 = Release|Any CPU
		{9A5543D9-C200-4D82-95EA-BE24D5771EB0}.Release|x86.Deploy.0 = Release|Any CPU
	EndGlobalSection
	GlobalSection(SolutionProperties) = preSolution
		HideSolutionNode = FALSE
	EndGlobalSection
	GlobalSection(ExtensibilityGlobals) = postSolution
		SolutionGuid = {FE6F93B3-49D2-4AC7-8183-BA32C84EFDC6}
	EndGlobalSection
EndGlobal
